
Microsoft Visual Studio Solution File, Format Version 12.00
# Visual Studio 2012
Project("{FAE04EC0-301F-11D3-BF4B-00C04F79EFBC}") = "WPFWinApp1", "WPFWinApp1\WPFWinApp1.csproj", "{8EFC6FAB-EEEE-4BA8-8263-2F4A7560210E}"
EndProject
Project("{FAE04EC0-301F-11D3-BF4B-00C04F79EFBC}") = "App.Core", "App.Core\App.Core.csproj", "{D8035C76-FA4B-4F6B-A365-BCDAFFF3660F}"
EndProject
Project("{FAE04EC0-301F-11D3-BF4B-00C04F79EFBC}") = "App.Models", "App.Models\App.Models.csproj", "{CDF961E3-11AB-4A19-91E1-7DDD3C43BDDD}"
EndProject
Project("{FAE04EC0-301F-11D3-BF4B-00C04F79EFBC}") = "ExperimentMemoryModel", "ExperimentMemoryModel\ExperimentMemoryModel.csproj", "{1E3F57FB-1901-4C20-93C1-30AA7C895E3D}"
EndProject
Project("{FAE04EC0-301F-11D3-BF4B-00C04F79EFBC}") = "Experiments", "Experiments\Experiments.csproj", "{FCEBEE5E-BC9C-483A-A35D-E89044C5614A}"
EndProject
Project("{FAE04EC0-301F-11D3-BF4B-00C04F79EFBC}") = "UnitTestExperiments", "UnitTestExperiments\UnitTestExperiments.csproj", "{35B94B8E-8277-4633-A52D-8FB99F25F9EA}"
EndProject
Global
	GlobalSection(SolutionConfigurationPlatforms) = preSolution
		Debug|Any CPU = Debug|Any CPU
		Release|Any CPU = Release|Any CPU
	EndGlobalSection
	GlobalSection(ProjectConfigurationPlatforms) = postSolution
		{8EFC6FAB-EEEE-4BA8-8263-2F4A7560210E}.Debug|Any CPU.ActiveCfg = Debug|Any CPU
		{8EFC6FAB-EEEE-4BA8-8263-2F4A7560210E}.Debug|Any CPU.Build.0 = Debug|Any CPU
		{8EFC6FAB-EEEE-4BA8-8263-2F4A7560210E}.Release|Any CPU.ActiveCfg = Release|Any CPU
		{8EFC6FAB-EEEE-4BA8-8263-2F4A7560210E}.Release|Any CPU.Build.0 = Release|Any CPU
		{D8035C76-FA4B-4F6B-A365-BCDAFFF3660F}.Debug|Any CPU.ActiveCfg = Debug|Any CPU
		{D8035C76-FA4B-4F6B-A365-BCDAFFF3660F}.Debug|Any CPU.Build.0 = Debug|Any CPU
		{D8035C76-FA4B-4F6B-A365-BCDAFFF3660F}.Release|Any CPU.ActiveCfg = Release|Any CPU
		{D8035C76-FA4B-4F6B-A365-BCDAFFF3660F}.Release|Any CPU.Build.0 = Release|Any CPU
		{CDF961E3-11AB-4A19-91E1-7DDD3C43BDDD}.Debug|Any CPU.ActiveCfg = Debug|Any CPU
		{CDF961E3-11AB-4A19-91E1-7DDD3C43BDDD}.Debug|Any CPU.Build.0 = Debug|Any CPU
		{CDF961E3-11AB-4A19-91E1-7DDD3C43BDDD}.Release|Any CPU.ActiveCfg = Release|Any CPU
		{CDF961E3-11AB-4A19-91E1-7DDD3C43BDDD}.Release|Any CPU.Build.0 = Release|Any CPU
		{1E3F57FB-1901-4C20-93C1-30AA7C895E3D}.Debug|Any CPU.ActiveCfg = Debug|Any CPU
		{1E3F57FB-1901-4C20-93C1-30AA7C895E3D}.Debug|Any CPU.Build.0 = Debug|Any CPU
		{1E3F57FB-1901-4C20-93C1-30AA7C895E3D}.Release|Any CPU.ActiveCfg = Release|Any CPU
		{1E3F57FB-1901-4C20-93C1-30AA7C895E3D}.Release|Any CPU.Build.0 = Release|Any CPU
		{FCEBEE5E-BC9C-483A-A35D-E89044C5614A}.Debug|Any CPU.ActiveCfg = Debug|Any CPU
		{FCEBEE5E-BC9C-483A-A35D-E89044C5614A}.Debug|Any CPU.Build.0 = Debug|Any CPU
		{FCEBEE5E-BC9C-483A-A35D-E89044C5614A}.Release|Any CPU.ActiveCfg = Release|Any CPU
		{FCEBEE5E-BC9C-483A-A35D-E89044C5614A}.Release|Any CPU.Build.0 = Release|Any CPU
		{35B94B8E-8277-4633-A52D-8FB99F25F9EA}.Debug|Any CPU.ActiveCfg = Debug|Any CPU
		{35B94B8E-8277-4633-A52D-8FB99F25F9EA}.Debug|Any CPU.Build.0 = Debug|Any CPU
		{35B94B8E-8277-4633-A52D-8FB99F25F9EA}.Release|Any CPU.ActiveCfg = Release|Any CPU
		{35B94B8E-8277-4633-A52D-8FB99F25F9EA}.Release|Any CPU.Build.0 = Release|Any CPU
	EndGlobalSection
	GlobalSection(SolutionProperties) = preSolution
		HideSolutionNode = FALSE
	EndGlobalSection
EndGlobal
